
Microsoft Visual Studio Solution File, Format Version 12.00
# Visual Studio 14
VisualStudioVersion = 14.0.23107.0
MinimumVisualStudioVersion = 10.0.40219.1
Project("{FAE04EC0-301F-11D3-BF4B-00C04F79EFBC}") = "BigBrain", "BigBrain\BigBrain.csproj", "{ABDD44C1-9712-413B-8B97-689D7ABBEF56}"
	ProjectSection(ProjectDependencies) = postProject
		{60431C1A-7F61-4722-8114-A9913C4FDE2F} = {60431C1A-7F61-4722-8114-A9913C4FDE2F}
		{195A3846-1405-47C8-AA8D-6EF1097D752C} = {195A3846-1405-47C8-AA8D-6EF1097D752C}
		{8376216C-282A-4927-B9EF-C2D545FE0BCA} = {8376216C-282A-4927-B9EF-C2D545FE0BCA}
		{5A8B1BB1-7CD5-47C4-A1F7-D7BCF5FACAD1} = {5A8B1BB1-7CD5-47C4-A1F7-D7BCF5FACAD1}
		{F0A53BC9-C617-47DD-8B68-F91E3502D633} = {F0A53BC9-C617-47DD-8B68-F91E3502D633}
	EndProjectSection
EndProject
Project("{2150E333-8FDC-42A3-9474-1A3956D46DE8}") = "Solution Items", "Solution Items", "{C5B5C67A-3915-4BFD-AFC3-42408EFE5382}"
EndProject
Project("{8BC9CEB8-8B4A-11D0-8D11-00A0C91BC942}") = "Microsoft.Maker.Serial", "..\extern\remote-wiring\Microsoft.Maker.win10\Microsoft.Maker.Serial\Microsoft.Maker.Serial.vcxproj", "{8376216C-282A-4927-B9EF-C2D545FE0BCA}"
EndProject
Project("{8BC9CEB8-8B4A-11D0-8D11-00A0C91BC942}") = "Microsoft.Maker.RemoteWiring", "..\extern\remote-wiring\Microsoft.Maker.win10\Microsoft.Maker.RemoteWiring\Microsoft.Maker.RemoteWiring.vcxproj", "{5A8B1BB1-7CD5-47C4-A1F7-D7BCF5FACAD1}"
EndProject
Project("{8BC9CEB8-8B4A-11D0-8D11-00A0C91BC942}") = "Microsoft.Maker.Firmata", "..\extern\remote-wiring\Microsoft.Maker.win10\Microsoft.Maker.Firmata\Microsoft.Maker.Firmata.vcxproj", "{F0A53BC9-C617-47DD-8B68-F91E3502D633}"
EndProject
Project("{8BC9CEB8-8B4A-11D0-8D11-00A0C91BC942}") = "remotecontrolvehicle", "..\extern\rccontroller\AllJoynRCV\AllJoynRCV.vcxproj", "{60431C1A-7F61-4722-8114-A9913C4FDE2F}"
EndProject
Project("{FAE04EC0-301F-11D3-BF4B-00C04F79EFBC}") = "RCVNuget", "..\extern\rccontroller\RCVNuget\RCVNuget.csproj", "{195A3846-1405-47C8-AA8D-6EF1097D752C}"
EndProject
Project("{FAE04EC0-301F-11D3-BF4B-00C04F79EFBC}") = "BigBrainApp", "..\BigBrainApp\BigBrainApp.csproj", "{D600FC4F-D4B1-4ADE-B08D-73DCB539C226}"
EndProject
Global
	GlobalSection(SolutionConfigurationPlatforms) = preSolution
		Debug|Any CPU = Debug|Any CPU
		Debug|ARM = Debug|ARM
		Debug|x64 = Debug|x64
		Debug|x86 = Debug|x86
		Release|Any CPU = Release|Any CPU
		Release|ARM = Release|ARM
		Release|x64 = Release|x64
		Release|x86 = Release|x86
	EndGlobalSection
	GlobalSection(ProjectConfigurationPlatforms) = postSolution
		{ABDD44C1-9712-413B-8B97-689D7ABBEF56}.Debug|Any CPU.ActiveCfg = Debug|x86
		{ABDD44C1-9712-413B-8B97-689D7ABBEF56}.Debug|ARM.ActiveCfg = Debug|ARM
		{ABDD44C1-9712-413B-8B97-689D7ABBEF56}.Debug|ARM.Build.0 = Debug|ARM
		{ABDD44C1-9712-413B-8B97-689D7ABBEF56}.Debug|ARM.Deploy.0 = Debug|ARM
		{ABDD44C1-9712-413B-8B97-689D7ABBEF56}.Debug|x64.ActiveCfg = Debug|x64
		{ABDD44C1-9712-413B-8B97-689D7ABBEF56}.Debug|x64.Build.0 = Debug|x64
		{ABDD44C1-9712-413B-8B97-689D7ABBEF56}.Debug|x64.Deploy.0 = Debug|x64
		{ABDD44C1-9712-413B-8B97-689D7ABBEF56}.Debug|x86.ActiveCfg = Debug|x86
		{ABDD44C1-9712-413B-8B97-689D7ABBEF56}.Debug|x86.Build.0 = Debug|x86
		{ABDD44C1-9712-413B-8B97-689D7ABBEF56}.Debug|x86.Deploy.0 = Debug|x86
		{ABDD44C1-9712-413B-8B97-689D7ABBEF56}.Release|Any CPU.ActiveCfg = Release|x86
		{ABDD44C1-9712-413B-8B97-689D7ABBEF56}.Release|ARM.ActiveCfg = Release|ARM
		{ABDD44C1-9712-413B-8B97-689D7ABBEF56}.Release|ARM.Build.0 = Release|ARM
		{ABDD44C1-9712-413B-8B97-689D7ABBEF56}.Release|ARM.Deploy.0 = Release|ARM
		{ABDD44C1-9712-413B-8B97-689D7ABBEF56}.Release|x64.ActiveCfg = Release|x64
		{ABDD44C1-9712-413B-8B97-689D7ABBEF56}.Release|x64.Build.0 = Release|x64
		{ABDD44C1-9712-413B-8B97-689D7ABBEF56}.Release|x64.Deploy.0 = Release|x64
		{ABDD44C1-9712-413B-8B97-689D7ABBEF56}.Release|x86.ActiveCfg = Release|x86
		{ABDD44C1-9712-413B-8B97-689D7ABBEF56}.Release|x86.Build.0 = Release|x86
		{ABDD44C1-9712-413B-8B97-689D7ABBEF56}.Release|x86.Deploy.0 = Release|x86
		{8376216C-282A-4927-B9EF-C2D545FE0BCA}.Debug|Any CPU.ActiveCfg = Debug|Win32
		{8376216C-282A-4927-B9EF-C2D545FE0BCA}.Debug|ARM.ActiveCfg = Debug|ARM
		{8376216C-282A-4927-B9EF-C2D545FE0BCA}.Debug|ARM.Build.0 = Debug|ARM
		{8376216C-282A-4927-B9EF-C2D545FE0BCA}.Debug|x64.ActiveCfg = Debug|x64
		{8376216C-282A-4927-B9EF-C2D545FE0BCA}.Debug|x64.Build.0 = Debug|x64
		{8376216C-282A-4927-B9EF-C2D545FE0BCA}.Debug|x86.ActiveCfg = Debug|Win32
		{8376216C-282A-4927-B9EF-C2D545FE0BCA}.Debug|x86.Build.0 = Debug|Win32
		{8376216C-282A-4927-B9EF-C2D545FE0BCA}.Release|Any CPU.ActiveCfg = Release|Win32
		{8376216C-282A-4927-B9EF-C2D545FE0BCA}.Release|ARM.ActiveCfg = Release|ARM
		{8376216C-282A-4927-B9EF-C2D545FE0BCA}.Release|ARM.Build.0 = Release|ARM
		{8376216C-282A-4927-B9EF-C2D545FE0BCA}.Release|x64.ActiveCfg = Release|x64
		{8376216C-282A-4927-B9EF-C2D545FE0BCA}.Release|x64.Build.0 = Release|x64
		{8376216C-282A-4927-B9EF-C2D545FE0BCA}.Release|x86.ActiveCfg = Release|Win32
		{8376216C-282A-4927-B9EF-C2D545FE0BCA}.Release|x86.Build.0 = Release|Win32
		{5A8B1BB1-7CD5-47C4-A1F7-D7BCF5FACAD1}.Debug|Any CPU.ActiveCfg = Debug|Win32
		{5A8B1BB1-7CD5-47C4-A1F7-D7BCF5FACAD1}.Debug|ARM.ActiveCfg = Debug|ARM
		{5A8B1BB1-7CD5-47C4-A1F7-D7BCF5FACAD1}.Debug|ARM.Build.0 = Debug|ARM
		{5A8B1BB1-7CD5-47C4-A1F7-D7BCF5FACAD1}.Debug|x64.ActiveCfg = Debug|x64
		{5A8B1BB1-7CD5-47C4-A1F7-D7BCF5FACAD1}.Debug|x64.Build.0 = Debug|x64
		{5A8B1BB1-7CD5-47C4-A1F7-D7BCF5FACAD1}.Debug|x86.ActiveCfg = Debug|Win32
		{5A8B1BB1-7CD5-47C4-A1F7-D7BCF5FACAD1}.Debug|x86.Build.0 = Debug|Win32
		{5A8B1BB1-7CD5-47C4-A1F7-D7BCF5FACAD1}.Release|Any CPU.ActiveCfg = Release|Win32
		{5A8B1BB1-7CD5-47C4-A1F7-D7BCF5FACAD1}.Release|ARM.ActiveCfg = Release|ARM
		{5A8B1BB1-7CD5-47C4-A1F7-D7BCF5FACAD1}.Release|ARM.Build.0 = Release|ARM
		{5A8B1BB1-7CD5-47C4-A1F7-D7BCF5FACAD1}.Release|x64.ActiveCfg = Release|x64
		{5A8B1BB1-7CD5-47C4-A1F7-D7BCF5FACAD1}.Release|x64.Build.0 = Release|x64
		{5A8B1BB1-7CD5-47C4-A1F7-D7BCF5FACAD1}.Release|x86.ActiveCfg = Release|Win32
		{5A8B1BB1-7CD5-47C4-A1F7-D7BCF5FACAD1}.Release|x86.Build.0 = Release|Win32
		{F0A53BC9-C617-47DD-8B68-F91E3502D633}.Debug|Any CPU.ActiveCfg = Debug|Win32
		{F0A53BC9-C617-47DD-8B68-F91E3502D633}.Debug|ARM.ActiveCfg = Debug|ARM
		{F0A53BC9-C617-47DD-8B68-F91E3502D633}.Debug|ARM.Build.0 = Debug|ARM
		{F0A53BC9-C617-47DD-8B68-F91E3502D633}.Debug|x64.ActiveCfg = Debug|x64
		{F0A53BC9-C617-47DD-8B68-F91E3502D633}.Debug|x64.Build.0 = Debug|x64
		{F0A53BC9-C617-47DD-8B68-F91E3502D633}.Debug|x86.ActiveCfg = Debug|Win32
		{F0A53BC9-C617-47DD-8B68-F91E3502D633}.Debug|x86.Build.0 = Debug|Win32
		{F0A53BC9-C617-47DD-8B68-F91E3502D633}.Release|Any CPU.ActiveCfg = Release|Win32
		{F0A53BC9-C617-47DD-8B68-F91E3502D633}.Release|ARM.ActiveCfg = Release|ARM
		{F0A53BC9-C617-47DD-8B68-F91E3502D633}.Release|ARM.Build.0 = Release|ARM
		{F0A53BC9-C617-47DD-8B68-F91E3502D633}.Release|x64.ActiveCfg = Release|x64
		{F0A53BC9-C617-47DD-8B68-F91E3502D633}.Release|x64.Build.0 = Release|x64
		{F0A53BC9-C617-47DD-8B68-F91E3502D633}.Release|x86.ActiveCfg = Release|Win32
		{F0A53BC9-C617-47DD-8B68-F91E3502D633}.Release|x86.Build.0 = Release|Win32
		{60431C1A-7F61-4722-8114-A9913C4FDE2F}.Debug|Any CPU.ActiveCfg = Debug|Win32
		{60431C1A-7F61-4722-8114-A9913C4FDE2F}.Debug|ARM.ActiveCfg = Debug|ARM
		{60431C1A-7F61-4722-8114-A9913C4FDE2F}.Debug|ARM.Build.0 = Debug|ARM
		{60431C1A-7F61-4722-8114-A9913C4FDE2F}.Debug|x64.ActiveCfg = Debug|x64
		{60431C1A-7F61-4722-8114-A9913C4FDE2F}.Debug|x64.Build.0 = Debug|x64
		{60431C1A-7F61-4722-8114-A9913C4FDE2F}.Debug|x86.ActiveCfg = Debug|Win32
		{60431C1A-7F61-4722-8114-A9913C4FDE2F}.Debug|x86.Build.0 = Debug|Win32
		{60431C1A-7F61-4722-8114-A9913C4FDE2F}.Release|Any CPU.ActiveCfg = Release|Win32
		{60431C1A-7F61-4722-8114-A9913C4FDE2F}.Release|ARM.ActiveCfg = Release|ARM
		{60431C1A-7F61-4722-8114-A9913C4FDE2F}.Release|ARM.Build.0 = Release|ARM
		{60431C1A-7F61-4722-8114-A9913C4FDE2F}.Release|x64.ActiveCfg = Release|x64
		{60431C1A-7F61-4722-8114-A9913C4FDE2F}.Release|x64.Build.0 = Release|x64
		{60431C1A-7F61-4722-8114-A9913C4FDE2F}.Release|x86.ActiveCfg = Release|Win32
		{60431C1A-7F61-4722-8114-A9913C4FDE2F}.Release|x86.Build.0 = Release|Win32
		{195A3846-1405-47C8-AA8D-6EF1097D752C}.Debug|Any CPU.ActiveCfg = Debug|Any CPU
		{195A3846-1405-47C8-AA8D-6EF1097D752C}.Debug|Any CPU.Build.0 = Debug|Any CPU
		{195A3846-1405-47C8-AA8D-6EF1097D752C}.Debug|ARM.ActiveCfg = Debug|ARM
		{195A3846-1405-47C8-AA8D-6EF1097D752C}.Debug|ARM.Build.0 = Debug|ARM
		{195A3846-1405-47C8-AA8D-6EF1097D752C}.Debug|x64.ActiveCfg = Debug|x64
		{195A3846-1405-47C8-AA8D-6EF1097D752C}.Debug|x64.Build.0 = Debug|x64
		{195A3846-1405-47C8-AA8D-6EF1097D752C}.Debug|x86.ActiveCfg = Debug|x86
		{195A3846-1405-47C8-AA8D-6EF1097D752C}.Debug|x86.Build.0 = Debug|x86
		{195A3846-1405-47C8-AA8D-6EF1097D752C}.Release|Any CPU.ActiveCfg = Release|Any CPU
		{195A3846-1405-47C8-AA8D-6EF1097D752C}.Release|Any CPU.Build.0 = Release|Any CPU
		{195A3846-1405-47C8-AA8D-6EF1097D752C}.Release|ARM.ActiveCfg = Release|ARM
		{195A3846-1405-47C8-AA8D-6EF1097D752C}.Release|ARM.Build.0 = Release|ARM
		{195A3846-1405-47C8-AA8D-6EF1097D752C}.Release|x64.ActiveCfg = Release|x64
		{195A3846-1405-47C8-AA8D-6EF1097D752C}.Release|x64.Build.0 = Release|x64
		{195A3846-1405-47C8-AA8D-6EF1097D752C}.Release|x86.ActiveCfg = Release|x86
		{195A3846-1405-47C8-AA8D-6EF1097D752C}.Release|x86.Build.0 = Release|x86
		{D600FC4F-D4B1-4ADE-B08D-73DCB539C226}.Debug|Any CPU.ActiveCfg = Debug|x86
		{D600FC4F-D4B1-4ADE-B08D-73DCB539C226}.Debug|ARM.ActiveCfg = Debug|ARM
		{D600FC4F-D4B1-4ADE-B08D-73DCB539C226}.Debug|ARM.Build.0 = Debug|ARM
		{D600FC4F-D4B1-4ADE-B08D-73DCB539C226}.Debug|ARM.Deploy.0 = Debug|ARM
		{D600FC4F-D4B1-4ADE-B08D-73DCB539C226}.Debug|x64.ActiveCfg = Debug|x64
		{D600FC4F-D4B1-4ADE-B08D-73DCB539C226}.Debug|x64.Build.0 = Debug|x64
		{D600FC4F-D4B1-4ADE-B08D-73DCB539C226}.Debug|x64.Deploy.0 = Debug|x64
		{D600FC4F-D4B1-4ADE-B08D-73DCB539C226}.Debug|x86.ActiveCfg = Debug|x86
		{D600FC4F-D4B1-4ADE-B08D-73DCB539C226}.Debug|x86.Build.0 = Debug|x86
		{D600FC4F-D4B1-4ADE-B08D-73DCB539C226}.Debug|x86.Deploy.0 = Debug|x86
		{D600FC4F-D4B1-4ADE-B08D-73DCB539C226}.Release|Any CPU.ActiveCfg = Release|x86
		{D600FC4F-D4B1-4ADE-B08D-73DCB539C226}.Release|ARM.ActiveCfg = Release|ARM
		{D600FC4F-D4B1-4ADE-B08D-73DCB539C226}.Release|ARM.Build.0 = Release|ARM
		{D600FC4F-D4B1-4ADE-B08D-73DCB539C226}.Release|ARM.Deploy.0 = Release|ARM
		{D600FC4F-D4B1-4ADE-B08D-73DCB539C226}.Release|x64.ActiveCfg = Release|x64
		{D600FC4F-D4B1-4ADE-B08D-73DCB539C226}.Release|x64.Build.0 = Release|x64
		{D600FC4F-D4B1-4ADE-B08D-73DCB539C226}.Release|x64.Deploy.0 = Release|x64
		{D600FC4F-D4B1-4ADE-B08D-73DCB539C226}.Release|x86.ActiveCfg = Release|x86
		{D600FC4F-D4B1-4ADE-B08D-73DCB539C226}.Release|x86.Build.0 = Release|x86
		{D600FC4F-D4B1-4ADE-B08D-73DCB539C226}.Release|x86.Deploy.0 = Release|x86
	EndGlobalSection
	GlobalSection(SolutionProperties) = preSolution
		HideSolutionNode = FALSE
	EndGlobalSection
EndGlobal
